
Microsoft Visual Studio Solution File, Format Version 11.00
# Visual Studio 2010
Project("{FAE04EC0-301F-11D3-BF4B-00C04F79EFBC}") = "VuforiaScripts", "VuforiaScripts.csproj", "{2C0B6B17-F8C2-AF87-639F-989C77F0E1C2}"
EndProject
Project("{FAE04EC0-301F-11D3-BF4B-00C04F79EFBC}") = "Assembly-CSharp", "Assembly-CSharp.csproj", "{66AD1C19-C78F-1901-D2C5-1C1B066F17D8}"
EndProject
Project("{FAE04EC0-301F-11D3-BF4B-00C04F79EFBC}") = "VuforiaEditorScripts", "VuforiaEditorScripts.csproj", "{14226C6D-E10A-FBA0-D559-30BB57C3FAE8}"
EndProject
Global
	GlobalSection(SolutionConfigurationPlatforms) = preSolution
		Debug|Any CPU = Debug|Any CPU
		Release|Any CPU = Release|Any CPU
	EndGlobalSection
	GlobalSection(ProjectConfigurationPlatforms) = postSolution
		{2C0B6B17-F8C2-AF87-639F-989C77F0E1C2}.Debug|Any CPU.ActiveCfg = Debug|Any CPU
		{2C0B6B17-F8C2-AF87-639F-989C77F0E1C2}.Debug|Any CPU.Build.0 = Debug|Any CPU
		{2C0B6B17-F8C2-AF87-639F-989C77F0E1C2}.Release|Any CPU.ActiveCfg = Release|Any CPU
		{2C0B6B17-F8C2-AF87-639F-989C77F0E1C2}.Release|Any CPU.Build.0 = Release|Any CPU
		{66AD1C19-C78F-1901-D2C5-1C1B066F17D8}.Debug|Any CPU.ActiveCfg = Debug|Any CPU
		{66AD1C19-C78F-1901-D2C5-1C1B066F17D8}.Debug|Any CPU.Build.0 = Debug|Any CPU
		{66AD1C19-C78F-1901-D2C5-1C1B066F17D8}.Release|Any CPU.ActiveCfg = Release|Any CPU
		{66AD1C19-C78F-1901-D2C5-1C1B066F17D8}.Release|Any CPU.Build.0 = Release|Any CPU
		{14226C6D-E10A-FBA0-D559-30BB57C3FAE8}.Debug|Any CPU.ActiveCfg = Debug|Any CPU
		{14226C6D-E10A-FBA0-D559-30BB57C3FAE8}.Debug|Any CPU.Build.0 = Debug|Any CPU
		{14226C6D-E10A-FBA0-D559-30BB57C3FAE8}.Release|Any CPU.ActiveCfg = Release|Any CPU
		{14226C6D-E10A-FBA0-D559-30BB57C3FAE8}.Release|Any CPU.Build.0 = Release|Any CPU
	EndGlobalSection
	GlobalSection(SolutionProperties) = preSolution
		HideSolutionNode = FALSE
	EndGlobalSection
	GlobalSection(MonoDevelopProperties) = preSolution
		StartupItem = Assembly-CSharp.csproj
	EndGlobalSection
EndGlobal
